
Microsoft Visual Studio Solution File, Format Version 12.00
# Visual Studio Version 17
VisualStudioVersion = 17.13.35818.85 d17.13
MinimumVisualStudioVersion = 10.0.40219.1
Project("{FAE04EC0-301F-11D3-BF4B-00C04F79EFBC}") = "Employee Directory", "Employee Directory.csproj", "{766DAB34-F4F9-451A-BD1C-BE4366D18EAB}"
EndProject
Global
	GlobalSection(SolutionConfigurationPlatforms) = preSolution
		Debug|Any CPU = Debug|Any CPU
		Release|Any CPU = Release|Any CPU
	EndGlobalSection
	GlobalSection(ProjectConfigurationPlatforms) = postSolution
		{766DAB34-F4F9-451A-BD1C-BE4366D18EAB}.Debug|Any CPU.ActiveCfg = Debug|Any CPU
		{766DAB34-F4F9-451A-BD1C-BE4366D18EAB}.Debug|Any CPU.Build.0 = Debug|Any CPU
		{766DAB34-F4F9-451A-BD1C-BE4366D18EAB}.Release|Any CPU.ActiveCfg = Release|Any CPU
		{766DAB34-F4F9-451A-BD1C-BE4366D18EAB}.Release|Any CPU.Build.0 = Release|Any CPU
	EndGlobalSection
	GlobalSection(SolutionProperties) = preSolution
		HideSolutionNode = FALSE
	EndGlobalSection
	GlobalSection(ExtensibilityGlobals) = postSolution
		SolutionGuid = {846B9479-B12D-442D-8088-0A16B07AE357}
	EndGlobalSection
EndGlobal
